%{
  "bimap": {:hex, :bimap, "1.3.0", "3ea4832e58dc83a9b5b407c6731e7bae87458aa618e6d11d8e12114a17afa4b3", [:mix], [], "hexpm", "bf5a2b078528465aa705f405a5c638becd63e41d280ada41e0f77e6d255a10b4"},
  "bunch": {:hex, :bunch, "1.6.1", "5393d827a64d5f846092703441ea50e65bc09f37fd8e320878f13e63d410aec7", [:mix], [], "hexpm", "286cc3add551628b30605efbe2fca4e38cc1bea89bcd0a1a7226920b3364fe4a"},
  "bunch_native": {:hex, :bunch_native, "0.5.0", "8ac1536789a597599c10b652e0b526d8833348c19e4739a0759a2bedfd924e63", [:mix], [{:bundlex, "~> 1.0", [hex: :bundlex, repo: "hexpm", optional: false]}], "hexpm", "24190c760e32b23b36edeb2dc4852515c7c5b3b8675b1a864e0715bdd1c8f80d"},
  "bundlex": {:hex, :bundlex, "1.5.4", "3726acd463f4d31894a59bbc177c17f3b574634a524212f13469f41c4834a1d9", [:mix], [{:bunch, "~> 1.0", [hex: :bunch, repo: "hexpm", optional: false]}, {:elixir_uuid, "~> 1.2", [hex: :elixir_uuid, repo: "hexpm", optional: false]}, {:qex, "~> 0.5", [hex: :qex, repo: "hexpm", optional: false]}, {:req, ">= 0.4.0", [hex: :req, repo: "hexpm", optional: false]}, {:zarex, "~> 1.0", [hex: :zarex, repo: "hexpm", optional: false]}], "hexpm", "e745726606a560275182a8ac1c8ebd5e11a659bb7460d8abf30f397e59b4c5d2"},
  "bunt": {:hex, :bunt, "1.0.0", "081c2c665f086849e6d57900292b3a161727ab40431219529f13c4ddcf3e7a44", [:mix], [], "hexpm", "dc5f86aa08a5f6fa6b8096f0735c4e76d54ae5c9fa2c143e5a1fc7c1cd9bb6b5"},
  "certifi": {:hex, :certifi, "2.15.0", "0e6e882fcdaaa0a5a9f2b3db55b1394dba07e8d6d9bcad08318fb604c6839712", [:rebar3], [], "hexpm", "b147ed22ce71d72eafdad94f055165c1c182f61a2ff49df28bcc71d1d5b94a60"},
  "coerce": {:hex, :coerce, "1.0.2", "5ef791040c92baaa5dd344887563faaeac6e6742573a167493294f8af3672bbe", [:mix], [], "hexpm", "0b3451c729571234fdac478636c298e71d1f2ce1243abed5fa43fa3181b980eb"},
  "credo": {:hex, :credo, "1.7.17", "f92b6aa5b26301eaa5a35e4d48ebf5aa1e7094ac00ae38f87086c562caf8a22f", [:mix], [{:bunt, "~> 0.2.1 or ~> 1.0", [hex: :bunt, repo: "hexpm", optional: false]}, {:file_system, "~> 0.2 or ~> 1.0", [hex: :file_system, repo: "hexpm", optional: false]}, {:jason, "~> 1.0", [hex: :jason, repo: "hexpm", optional: false]}], "hexpm", "1eb5645c835f0b6c9b5410f94b5a185057bcf6d62a9c2b476da971cde8749645"},
  "dialyxir": {:hex, :dialyxir, "1.4.7", "dda948fcee52962e4b6c5b4b16b2d8fa7d50d8645bbae8b8685c3f9ecb7f5f4d", [:mix], [{:erlex, ">= 0.2.8", [hex: :erlex, repo: "hexpm", optional: false]}], "hexpm", "b34527202e6eb8cee198efec110996c25c5898f43a4094df157f8d28f27d9efe"},
  "earmark_parser": {:hex, :earmark_parser, "1.4.44", "f20830dd6b5c77afe2b063777ddbbff09f9759396500cdbe7523efd58d7a339c", [:mix], [], "hexpm", "4778ac752b4701a5599215f7030989c989ffdc4f6df457c5f36938cc2d2a2750"},
  "elixir_make": {:hex, :elixir_make, "0.9.0", "6484b3cd8c0cee58f09f05ecaf1a140a8c97670671a6a0e7ab4dc326c3109726", [:mix], [], "hexpm", "db23d4fd8b757462ad02f8aa73431a426fe6671c80b200d9710caf3d1dd0ffdb"},
  "elixir_uuid": {:hex, :elixir_uuid, "1.2.1", "dce506597acb7e6b0daeaff52ff6a9043f5919a4c3315abb4143f0b00378c097", [:mix], [], "hexpm", "f7eba2ea6c3555cea09706492716b0d87397b88946e6380898c2889d68585752"},
  "erlex": {:hex, :erlex, "0.2.8", "cd8116f20f3c0afe376d1e8d1f0ae2452337729f68be016ea544a72f767d9c12", [:mix], [], "hexpm", "9d66ff9fedf69e49dc3fd12831e12a8a37b76f8651dd21cd45fcf5561a8a7590"},
  "ex_doc": {:hex, :ex_doc, "0.40.1", "67542e4b6dde74811cfd580e2c0149b78010fd13001fda7cfeb2b2c2ffb1344d", [:mix], [{:earmark_parser, "~> 1.4.44", [hex: :earmark_parser, repo: "hexpm", optional: false]}, {:makeup_c, ">= 0.1.0", [hex: :makeup_c, repo: "hexpm", optional: true]}, {:makeup_elixir, "~> 0.14 or ~> 1.0", [hex: :makeup_elixir, repo: "hexpm", optional: false]}, {:makeup_erlang, "~> 0.1 or ~> 1.0", [hex: :makeup_erlang, repo: "hexpm", optional: false]}, {:makeup_html, ">= 0.1.0", [hex: :makeup_html, repo: "hexpm", optional: true]}], "hexpm", "bcef0e2d360d93ac19f01a85d58f91752d930c0a30e2681145feea6bd3516e00"},
  "ex_hls": {:hex, :ex_hls, "0.1.5", "b761b4ec0e5324a13b5e2663ca05a532246895b119843d0138d2448c37d2e2ca", [:mix], [{:ex_m3u8, "~> 0.15.4", [hex: :ex_m3u8, repo: "hexpm", optional: false]}, {:membrane_h26x_plugin, "~> 0.10.2", [hex: :membrane_h26x_plugin, repo: "hexpm", optional: false]}, {:membrane_mp4_plugin, "~> 0.36.0", [hex: :membrane_mp4_plugin, repo: "hexpm", optional: false]}, {:mpeg_ts, "~> 2.0.0", [hex: :mpeg_ts, repo: "hexpm", optional: false]}, {:qex, "~> 0.5.1", [hex: :qex, repo: "hexpm", optional: false]}, {:req, "~> 0.5.10", [hex: :req, repo: "hexpm", optional: false]}], "hexpm", "144b35920846db02af5212f0dcd2a11d87a2745f1d4307aa20a93c0323da8764"},
  "ex_m3u8": {:hex, :ex_m3u8, "0.15.4", "66f6ec7e4fb7372c48032db1c2d4a3e6c2bbbde2d1d9a1098986e3caa0ab7a55", [:mix], [{:nimble_parsec, "~> 1.3", [hex: :nimble_parsec, repo: "hexpm", optional: false]}, {:typed_struct, "~> 0.3.0", [hex: :typed_struct, repo: "hexpm", optional: false]}], "hexpm", "ec03aa516919e0c8ec202da55f609b763bd7960195a3388900090fcad270c873"},
  "file_system": {:hex, :file_system, "1.1.1", "31864f4685b0148f25bd3fbef2b1228457c0c89024ad67f7a81a3ffbc0bbad3a", [:mix], [], "hexpm", "7a15ff97dfe526aeefb090a7a9d3d03aa907e100e262a0f8f7746b78f8f87a5d"},
  "finch": {:hex, :finch, "0.21.0", "b1c3b2d48af02d0c66d2a9ebfb5622be5c5ecd62937cf79a88a7f98d48a8290c", [:mix], [{:mime, "~> 1.0 or ~> 2.0", [hex: :mime, repo: "hexpm", optional: false]}, {:mint, "~> 1.6.2 or ~> 1.7", [hex: :mint, repo: "hexpm", optional: false]}, {:nimble_options, "~> 0.4 or ~> 1.0", [hex: :nimble_options, repo: "hexpm", optional: false]}, {:nimble_pool, "~> 1.1", [hex: :nimble_pool, repo: "hexpm", optional: false]}, {:telemetry, "~> 0.4 or ~> 1.0", [hex: :telemetry, repo: "hexpm", optional: false]}], "hexpm", "87dc6e169794cb2570f75841a19da99cfde834249568f2a5b121b809588a4377"},
  "hackney": {:hex, :hackney, "1.25.0", "390e9b83f31e5b325b9f43b76e1a785cbdb69b5b6cd4e079aa67835ded046867", [:rebar3], [{:certifi, "~> 2.15.0", [hex: :certifi, repo: "hexpm", optional: false]}, {:idna, "~> 6.1.0", [hex: :idna, repo: "hexpm", optional: false]}, {:metrics, "~> 1.0.0", [hex: :metrics, repo: "hexpm", optional: false]}, {:mimerl, "~> 1.4", [hex: :mimerl, repo: "hexpm", optional: false]}, {:parse_trans, "3.4.1", [hex: :parse_trans, repo: "hexpm", optional: false]}, {:ssl_verify_fun, "~> 1.1.0", [hex: :ssl_verify_fun, repo: "hexpm", optional: false]}, {:unicode_util_compat, "~> 0.7.1", [hex: :unicode_util_compat, repo: "hexpm", optional: false]}], "hexpm", "7209bfd75fd1f42467211ff8f59ea74d6f2a9e81cbcee95a56711ee79fd6b1d4"},
  "heap": {:hex, :heap, "2.0.2", "d98cb178286cfeb5edbcf17785e2d20af73ca57b5a2cf4af584118afbcf917eb", [:mix], [], "hexpm", "ba9ea2fe99eb4bcbd9a8a28eaf71cbcac449ca1d8e71731596aace9028c9d429"},
  "hpax": {:hex, :hpax, "1.0.3", "ed67ef51ad4df91e75cc6a1494f851850c0bd98ebc0be6e81b026e765ee535aa", [:mix], [], "hexpm", "8eab6e1cfa8d5918c2ce4ba43588e894af35dbd8e91e6e55c817bca5847df34a"},
  "idna": {:hex, :idna, "6.1.1", "8a63070e9f7d0c62eb9d9fcb360a7de382448200fbbd1b106cc96d3d8099df8d", [:rebar3], [{:unicode_util_compat, "~> 0.7.0", [hex: :unicode_util_compat, repo: "hexpm", optional: false]}], "hexpm", "92376eb7894412ed19ac475e4a86f7b413c1b9fbb5bd16dccd57934157944cea"},
  "jason": {:hex, :jason, "1.4.4", "b9226785a9aa77b6857ca22832cffa5d5011a667207eb2a0ad56adb5db443b8a", [:mix], [{:decimal, "~> 1.0 or ~> 2.0", [hex: :decimal, repo: "hexpm", optional: true]}], "hexpm", "c5eb0cab91f094599f94d55bc63409236a8ec69a21a67814529e8d5f6cc90b3b"},
  "logger_backends": {:hex, :logger_backends, "1.0.0", "09c4fad6202e08cb0fbd37f328282f16539aca380f512523ce9472b28edc6bdf", [:mix], [], "hexpm", "1faceb3e7ec3ef66a8f5746c5afd020e63996df6fd4eb8cdb789e5665ae6c9ce"},
  "makeup": {:hex, :makeup, "1.2.1", "e90ac1c65589ef354378def3ba19d401e739ee7ee06fb47f94c687016e3713d1", [:mix], [{:nimble_parsec, "~> 1.4", [hex: :nimble_parsec, repo: "hexpm", optional: false]}], "hexpm", "d36484867b0bae0fea568d10131197a4c2e47056a6fbe84922bf6ba71c8d17ce"},
  "makeup_elixir": {:hex, :makeup_elixir, "1.0.1", "e928a4f984e795e41e3abd27bfc09f51db16ab8ba1aebdba2b3a575437efafc2", [:mix], [{:makeup, "~> 1.0", [hex: :makeup, repo: "hexpm", optional: false]}, {:nimble_parsec, "~> 1.2.3 or ~> 1.3", [hex: :nimble_parsec, repo: "hexpm", optional: false]}], "hexpm", "7284900d412a3e5cfd97fdaed4f5ed389b8f2b4cb49efc0eb3bd10e2febf9507"},
  "makeup_erlang": {:hex, :makeup_erlang, "1.0.3", "4252d5d4098da7415c390e847c814bad3764c94a814a0b4245176215615e1035", [:mix], [{:makeup, "~> 1.0", [hex: :makeup, repo: "hexpm", optional: false]}], "hexpm", "953297c02582a33411ac6208f2c6e55f0e870df7f80da724ed613f10e6706afd"},
  "membrane_aac_fdk_plugin": {:hex, :membrane_aac_fdk_plugin, "0.18.13", "5baed1190e1231e23bd8f99bb8a84e282199beed649341c0f9de818890178293", [:mix], [{:bunch, "~> 1.4", [hex: :bunch, repo: "hexpm", optional: false]}, {:bundlex, "~> 1.3", [hex: :bundlex, repo: "hexpm", optional: false]}, {:membrane_aac_format, "~> 0.8.0", [hex: :membrane_aac_format, repo: "hexpm", optional: false]}, {:membrane_common_c, "~> 0.16.0", [hex: :membrane_common_c, repo: "hexpm", optional: false]}, {:membrane_core, "~> 1.0", [hex: :membrane_core, repo: "hexpm", optional: false]}, {:membrane_precompiled_dependency_provider, "~> 0.2.0", [hex: :membrane_precompiled_dependency_provider, repo: "hexpm", optional: false]}, {:membrane_raw_audio_format, "~> 0.12.0", [hex: :membrane_raw_audio_format, repo: "hexpm", optional: false]}, {:unifex, "~> 1.1", [hex: :unifex, repo: "hexpm", optional: false]}], "hexpm", "4bc789c34a432099fe9c61c917c95ff66154d06ee7efd1785bc317a75b413247"},
  "membrane_aac_format": {:hex, :membrane_aac_format, "0.8.0", "515631eabd6e584e0e9af2cea80471fee6246484dbbefc4726c1d93ece8e0838", [:mix], [{:bimap, "~> 1.1", [hex: :bimap, repo: "hexpm", optional: false]}], "hexpm", "a30176a94491033ed32be45e51d509fc70a5ee6e751f12fd6c0d60bd637013f6"},
  "membrane_aac_plugin": {:hex, :membrane_aac_plugin, "0.19.1", "29b9eecf75e3d60b16e7aac0861a501caa16f6d34f88e6d1d4140fdd4926292b", [:mix], [{:bunch, "~> 1.0", [hex: :bunch, repo: "hexpm", optional: false]}, {:membrane_aac_format, "~> 0.8.0", [hex: :membrane_aac_format, repo: "hexpm", optional: false]}, {:membrane_core, "~> 1.0", [hex: :membrane_core, repo: "hexpm", optional: false]}], "hexpm", "21158745f4d748eb15dd63e872d21a7deacb055294c0efb24b31960ad0400171"},
  "membrane_cmaf_format": {:hex, :membrane_cmaf_format, "0.7.1", "9ea858faefdcb181cdfa8001be827c35c5f854e9809ad57d7062cff1f0f703fd", [:mix], [], "hexpm", "3c7b4ed2a986e27f6f336d2f19e9442cb31d93b3142fc024c019572faca54a73"},
  "membrane_common_c": {:hex, :membrane_common_c, "0.16.0", "caf3f29d2f5a1d32d8c2c122866110775866db2726e4272be58e66dfdf4bce40", [:mix], [{:membrane_core, "~> 1.0", [hex: :membrane_core, repo: "hexpm", optional: false]}, {:shmex, "~> 0.5.0", [hex: :shmex, repo: "hexpm", optional: false]}, {:unifex, "~> 1.0", [hex: :unifex, repo: "hexpm", optional: false]}], "hexpm", "a3c7e91de1ce1f8b23b9823188a5d13654d317235ea0ca781c05353ed3be9b1c"},
  "membrane_core": {:hex, :membrane_core, "1.2.6", "22329f6a5ac1f56a58666e3bf48e07dcd0978143c23626226127f3baa3c89a95", [:mix], [{:bunch, "~> 1.6", [hex: :bunch, repo: "hexpm", optional: false]}, {:qex, "~> 0.3", [hex: :qex, repo: "hexpm", optional: false]}, {:ratio, "~> 3.0 or ~> 4.0", [hex: :ratio, repo: "hexpm", optional: false]}, {:telemetry, "~> 1.0", [hex: :telemetry, repo: "hexpm", optional: false]}], "hexpm", "7bdee620f5c1fc492613b12566b1b95e7e09f5eb9364c0fed742fffb16266ab4"},
  "membrane_ffmpeg_swresample_plugin": {:hex, :membrane_ffmpeg_swresample_plugin, "0.20.5", "6320a1a8ad86860d37bfd9c4624d9615231572702430c8b7adeb6cbd55418b5d", [:mix], [{:bunch, "~> 1.6", [hex: :bunch, repo: "hexpm", optional: false]}, {:bundlex, "~> 1.2", [hex: :bundlex, repo: "hexpm", optional: false]}, {:membrane_common_c, "~> 0.16.0", [hex: :membrane_common_c, repo: "hexpm", optional: false]}, {:membrane_core, "~> 1.0", [hex: :membrane_core, repo: "hexpm", optional: false]}, {:membrane_precompiled_dependency_provider, "~> 0.2.1", [hex: :membrane_precompiled_dependency_provider, repo: "hexpm", optional: false]}, {:membrane_raw_audio_format, "~> 0.12.0", [hex: :membrane_raw_audio_format, repo: "hexpm", optional: false]}, {:mockery, "~> 2.1", [hex: :mockery, repo: "hexpm", optional: false]}, {:unifex, "~> 1.1", [hex: :unifex, repo: "hexpm", optional: false]}], "hexpm", "b67ced5effba5b521d67628024adc3e0e37d131267d9b3b55dbf9ddd6cb72be0"},
  "membrane_ffmpeg_swscale_plugin": {:hex, :membrane_ffmpeg_swscale_plugin, "0.16.3", "82e127221cb72eedd65ab08127abfaa1e67cfadc763e309a539b8cc8c57ebe22", [:mix], [{:bundlex, "~> 1.2", [hex: :bundlex, repo: "hexpm", optional: false]}, {:membrane_common_c, "~> 0.16.0", [hex: :membrane_common_c, repo: "hexpm", optional: false]}, {:membrane_core, "~> 1.1", [hex: :membrane_core, repo: "hexpm", optional: false]}, {:membrane_precompiled_dependency_provider, "~> 0.2.1", [hex: :membrane_precompiled_dependency_provider, repo: "hexpm", optional: false]}, {:membrane_raw_video_format, "~> 0.4.1", [hex: :membrane_raw_video_format, repo: "hexpm", optional: false]}], "hexpm", "45384da60bb58ab2236bdd19119baf3df09e70906acf5801ac5dd1bd22921c4a"},
  "membrane_file_plugin": {:hex, :membrane_file_plugin, "0.17.3", "386f0d5e57695c2280adf931db878e42fe45e37bd5c59568eb57cf6feab272e0", [:mix], [{:logger_backends, "~> 1.0", [hex: :logger_backends, repo: "hexpm", optional: false]}, {:membrane_core, "~> 1.0", [hex: :membrane_core, repo: "hexpm", optional: false]}], "hexpm", "069a3919718bd1782687d18b6b9d6aa53371b6d466e3b6c1ff61e788319e0094"},
  "membrane_funnel_plugin": {:hex, :membrane_funnel_plugin, "0.9.2", "2b2e840dbb232ce29aaff2d55bd329d9978766518dbeb6e8dba7aba7115fadcc", [:mix], [{:membrane_core, "~> 1.0", [hex: :membrane_core, repo: "hexpm", optional: false]}], "hexpm", "865ac9d84f86698e2cfeb7904d3b12ab74855a38ca651a880db1505965fa77cc"},
  "membrane_h264_ffmpeg_plugin": {:hex, :membrane_h264_ffmpeg_plugin, "0.32.6", "7da7575e908ec982a14bdbfd5fb069ea121021b322739815e3fe194444539bfc", [:mix], [{:bunch, "~> 1.6", [hex: :bunch, repo: "hexpm", optional: false]}, {:bundlex, "~> 1.3", [hex: :bundlex, repo: "hexpm", optional: false]}, {:membrane_common_c, "~> 0.16.0", [hex: :membrane_common_c, repo: "hexpm", optional: false]}, {:membrane_core, "~> 1.0", [hex: :membrane_core, repo: "hexpm", optional: false]}, {:membrane_h264_format, "~> 0.6.1", [hex: :membrane_h264_format, repo: "hexpm", optional: false]}, {:membrane_precompiled_dependency_provider, "~> 0.2.1", [hex: :membrane_precompiled_dependency_provider, repo: "hexpm", optional: false]}, {:membrane_raw_video_format, "~> 0.4.1", [hex: :membrane_raw_video_format, repo: "hexpm", optional: false]}, {:unifex, "~> 1.1", [hex: :unifex, repo: "hexpm", optional: false]}], "hexpm", "1e333b0343f90d4ec58acc44a7edf7f6a8c5a73eb70407e42b201d664357b290"},
  "membrane_h264_format": {:hex, :membrane_h264_format, "0.6.1", "44836cd9de0abe989b146df1e114507787efc0cf0da2368f17a10c47b4e0738c", [:mix], [], "hexpm", "4b79be56465a876d2eac2c3af99e115374bbdc03eb1dea4f696ee9a8033cd4b0"},
  "membrane_h265_ffmpeg_plugin": {:hex, :membrane_h265_ffmpeg_plugin, "0.4.3", "7decdf3e97052946b2a972da68628f7e1b309f027221553d21b7fbec84f2784b", [:mix], [{:bunch, "~> 1.6", [hex: :bunch, repo: "hexpm", optional: false]}, {:bundlex, "~> 1.3", [hex: :bundlex, repo: "hexpm", optional: false]}, {:membrane_core, "~> 1.1", [hex: :membrane_core, repo: "hexpm", optional: false]}, {:membrane_h265_format, "~> 0.2.0", [hex: :membrane_h265_format, repo: "hexpm", optional: false]}, {:membrane_precompiled_dependency_provider, "~> 0.2.1", [hex: :membrane_precompiled_dependency_provider, repo: "hexpm", optional: false]}, {:membrane_raw_video_format, "~> 0.4.1", [hex: :membrane_raw_video_format, repo: "hexpm", optional: false]}, {:unifex, "~> 1.1", [hex: :unifex, repo: "hexpm", optional: false]}], "hexpm", "24dc587731e7b5bc4b35da1b85e849476eff6a9a7b934ff0b2b5efae037b8589"},
  "membrane_h265_format": {:hex, :membrane_h265_format, "0.2.0", "1903c072cf7b0980c4d0c117ab61a2cd33e88782b696290de29570a7fab34819", [:mix], [], "hexpm", "6df418bdf242c0d9f7dbf2e5aea4c2d182e34ac9ad5a8b8cef2610c290002e83"},
  "membrane_h26x_plugin": {:hex, :membrane_h26x_plugin, "0.10.5", "e9fa1ee9cda944259c4d2728c8b279bfe0152a3a6c1af187b07fa8411ca4e25e", [:mix], [{:bunch, "~> 1.4", [hex: :bunch, repo: "hexpm", optional: false]}, {:membrane_core, "~> 1.0", [hex: :membrane_core, repo: "hexpm", optional: false]}, {:membrane_h264_format, "~> 0.6.0", [hex: :membrane_h264_format, repo: "hexpm", optional: false]}, {:membrane_h265_format, "~> 0.2.0", [hex: :membrane_h265_format, repo: "hexpm", optional: false]}], "hexpm", "dd0287a6b6223e47bba30a8952d6ec53db35f6a3e33203b7ad786e995711f098"},
  "membrane_hackney_plugin": {:hex, :membrane_hackney_plugin, "0.11.0", "54b368333a23394e7cac2f4d6b701bf8c5ee6614670a31f4ebe009b5e691a5c1", [:mix], [{:hackney, "~> 1.16", [hex: :hackney, repo: "hexpm", optional: false]}, {:membrane_core, "~> 1.0", [hex: :membrane_core, repo: "hexpm", optional: false]}, {:mockery, "~> 2.3", [hex: :mockery, repo: "hexpm", optional: false]}], "hexpm", "2b28fd1be3c889d5824d7d985598386c7673828c88f49a91221df3626af8a998"},
  "membrane_mp3_lame_plugin": {:hex, :membrane_mp3_lame_plugin, "0.18.5", "ebe549344e7c7b1d7fbd3aef8049f0c4ac6b916a4b6658aa2fcf6357c2a5610e", [:mix], [{:bunch, "~> 1.0", [hex: :bunch, repo: "hexpm", optional: false]}, {:bundlex, "~> 1.2", [hex: :bundlex, repo: "hexpm", optional: false]}, {:membrane_common_c, "~> 0.16.0", [hex: :membrane_common_c, repo: "hexpm", optional: false]}, {:membrane_core, "~> 1.0", [hex: :membrane_core, repo: "hexpm", optional: false]}, {:membrane_mpegaudio_format, "~> 0.3.0", [hex: :membrane_mpegaudio_format, repo: "hexpm", optional: false]}, {:membrane_precompiled_dependency_provider, "~> 0.2.1", [hex: :membrane_precompiled_dependency_provider, repo: "hexpm", optional: false]}, {:membrane_raw_audio_format, "~> 0.12.0", [hex: :membrane_raw_audio_format, repo: "hexpm", optional: false]}], "hexpm", "ef27e77317dd77864fb029dc0e94dd926db568f0d35866484866be36424005ac"},
  "membrane_mp3_mad_plugin": {:hex, :membrane_mp3_mad_plugin, "0.18.5", "2e6adcdd250641a2485d4f1fd597036e632e877409043a6a3bb92a428fa69160", [:mix], [{:bundlex, "~> 1.3", [hex: :bundlex, repo: "hexpm", optional: false]}, {:membrane_common_c, "~> 0.16.0", [hex: :membrane_common_c, repo: "hexpm", optional: false]}, {:membrane_core, "~> 1.0", [hex: :membrane_core, repo: "hexpm", optional: false]}, {:membrane_mpegaudio_format, "~> 0.3.0", [hex: :membrane_mpegaudio_format, repo: "hexpm", optional: false]}, {:membrane_precompiled_dependency_provider, "~> 0.2.1", [hex: :membrane_precompiled_dependency_provider, repo: "hexpm", optional: false]}, {:membrane_raw_audio_format, "~> 0.12.0", [hex: :membrane_raw_audio_format, repo: "hexpm", optional: false]}, {:unifex, "~> 1.1", [hex: :unifex, repo: "hexpm", optional: false]}], "hexpm", "84119929e6ca93044b5fa1c84a5bfcd5370dfa111d9c44d4b255a25f2d25e795"},
  "membrane_mp4_format": {:hex, :membrane_mp4_format, "0.8.0", "8c6e7d68829228117d333b4fbb030e7be829aab49dd8cb047fdc664db1812e6a", [:mix], [], "hexpm", "148dea678a1f82ccfd44dbde6f936d2f21255f496cb45a22cc6eec427f025522"},
  "membrane_mp4_plugin": {:hex, :membrane_mp4_plugin, "0.36.0", "ef4fc6fc72cc439974f2ae0ce579f3dbf8674f02ab00f7f524a6600b786a9ca8", [:mix], [{:bunch, "~> 1.5", [hex: :bunch, repo: "hexpm", optional: false]}, {:membrane_aac_format, "~> 0.8.0", [hex: :membrane_aac_format, repo: "hexpm", optional: false]}, {:membrane_cmaf_format, "~> 0.7.0", [hex: :membrane_cmaf_format, repo: "hexpm", optional: false]}, {:membrane_core, "~> 1.0", [hex: :membrane_core, repo: "hexpm", optional: false]}, {:membrane_file_plugin, "~> 0.17.0", [hex: :membrane_file_plugin, repo: "hexpm", optional: false]}, {:membrane_h264_format, "~> 0.6.1", [hex: :membrane_h264_format, repo: "hexpm", optional: false]}, {:membrane_h265_format, "~> 0.2.0", [hex: :membrane_h265_format, repo: "hexpm", optional: false]}, {:membrane_mp4_format, "~> 0.8.0", [hex: :membrane_mp4_format, repo: "hexpm", optional: false]}, {:membrane_opus_format, "~> 0.3.0", [hex: :membrane_opus_format, repo: "hexpm", optional: false]}, {:membrane_timestamp_queue, "~> 0.2.1", [hex: :membrane_timestamp_queue, repo: "hexpm", optional: false]}], "hexpm", "84f55a42c69cb557b73d6272f958812f607abaaa6a3473f301d22393f2a62808"},
  "membrane_mpegaudio_format": {:hex, :membrane_mpegaudio_format, "0.3.0", "d4fee77fad9f953171c52acd6d53b6646cfc7fbb827c63caa7c6a1efeb86450a", [:mix], [], "hexpm", "dec903efd0086133402b44515d04301790832b4f39995747b0e712c8f966d50d"},
  "membrane_opus_format": {:hex, :membrane_opus_format, "0.3.0", "3804d9916058b7cfa2baa0131a644d8186198d64f52d592ae09e0942513cb4c2", [:mix], [], "hexpm", "8fc89c97be50de23ded15f2050fe603dcce732566fe6fdd15a2de01cb6b81afe"},
  "membrane_opus_plugin": {:hex, :membrane_opus_plugin, "0.20.6", "cbdd4cb4e37ed5bf874d8bce8204576ccc897e44a9ef18fada7bc8f89a989eba", [:mix], [{:bunch, "~> 1.3", [hex: :bunch, repo: "hexpm", optional: false]}, {:bundlex, "~> 1.2", [hex: :bundlex, repo: "hexpm", optional: false]}, {:membrane_common_c, "~> 0.16.0", [hex: :membrane_common_c, repo: "hexpm", optional: false]}, {:membrane_core, "~> 1.0", [hex: :membrane_core, repo: "hexpm", optional: false]}, {:membrane_opus_format, "~> 0.3.0", [hex: :membrane_opus_format, repo: "hexpm", optional: false]}, {:membrane_precompiled_dependency_provider, "~> 0.2.0", [hex: :membrane_precompiled_dependency_provider, repo: "hexpm", optional: false]}, {:membrane_raw_audio_format, "~> 0.12.0", [hex: :membrane_raw_audio_format, repo: "hexpm", optional: false]}, {:unifex, "~> 1.0", [hex: :unifex, repo: "hexpm", optional: false]}], "hexpm", "d852c5a9aa40d321f8ed3080f7c166d7d5614b927799c0a0821f5ccab164cdc4"},
  "membrane_portaudio_plugin": {:hex, :membrane_portaudio_plugin, "0.19.4", "775996a14b8a2ecc2561d4caffe3312b0aae73f1fa332bc4267ff575952a749c", [:mix], [{:bunch, "~> 1.5", [hex: :bunch, repo: "hexpm", optional: false]}, {:membrane_common_c, "~> 0.16.0", [hex: :membrane_common_c, repo: "hexpm", optional: false]}, {:membrane_core, "~> 1.0", [hex: :membrane_core, repo: "hexpm", optional: false]}, {:membrane_precompiled_dependency_provider, "~> 0.2.1", [hex: :membrane_precompiled_dependency_provider, repo: "hexpm", optional: false]}, {:membrane_raw_audio_format, "~> 0.12.0", [hex: :membrane_raw_audio_format, repo: "hexpm", optional: false]}, {:mockery, "~> 2.1", [hex: :mockery, repo: "hexpm", optional: false]}, {:unifex, "~> 1.2", [hex: :unifex, repo: "hexpm", optional: false]}], "hexpm", "c1d7643590b777012b9f73147b14236ccab1c477ba1dfb2b3f271915798162c8"},
  "membrane_precompiled_dependency_provider": {:hex, :membrane_precompiled_dependency_provider, "0.2.2", "0fbff1eb651619ce95abd7f9d19dd636ce460adc01bea36a440c48d1a6572a95", [:mix], [{:bundlex, "~> 1.4", [hex: :bundlex, repo: "hexpm", optional: false]}], "hexpm", "60296232d613856d22494303b64487bfa141666544f2e83a97f1d2dd28c34453"},
  "membrane_raw_audio_format": {:hex, :membrane_raw_audio_format, "0.12.0", "b574cd90f69ce2a8b6201b0ccf0826ca28b0fbc8245b8078d9f11cef65f7d5d5", [:mix], [{:bimap, "~> 1.1", [hex: :bimap, repo: "hexpm", optional: false]}, {:bunch, "~> 1.0", [hex: :bunch, repo: "hexpm", optional: false]}, {:membrane_core, "~> 1.0", [hex: :membrane_core, repo: "hexpm", optional: false]}], "hexpm", "6e6c98e3622a2b9df19eab50ba65d7eb45949b1ba306fa8423df6cdb12fd0b44"},
  "membrane_raw_audio_parser_plugin": {:hex, :membrane_raw_audio_parser_plugin, "0.4.0", "7a1e53b68a221d00e47fb5d3c7e29200dfe8f7bc0862e69000b61c6562093acc", [:mix], [{:membrane_core, "~> 1.0", [hex: :membrane_core, repo: "hexpm", optional: false]}, {:membrane_raw_audio_format, "~> 0.12.0", [hex: :membrane_raw_audio_format, repo: "hexpm", optional: false]}], "hexpm", "ff8d3fba45b1c2814b68d49878f19d2c1ad1147b53f606b48b6b67068435dcd0"},
  "membrane_raw_video_format": {:hex, :membrane_raw_video_format, "0.4.3", "61b2f6afdffa43c25de5a433c3a3bed933144be0f753b6fc8c6a9f255382eaff", [:mix], [{:image, ">= 0.54.0", [hex: :image, repo: "hexpm", optional: true]}], "hexpm", "11739a7d956d037f3ee109f06f075f1a99fea000c778628ac58ed28637e4c637"},
  "membrane_realtimer_plugin": {:hex, :membrane_realtimer_plugin, "0.10.1", "6f00f499570609f0fd717edb3c069fdcd8ece893ae683867c9ea3f7aa3de9dd0", [:mix], [{:membrane_core, "~> 1.0", [hex: :membrane_core, repo: "hexpm", optional: false]}], "hexpm", "e961cf8aab3857f686eba9a61aaa91a818fe70b1e1282d09f4d6db06acb9dd67"},
  "membrane_sdl_plugin": {:hex, :membrane_sdl_plugin, "0.18.6", "437e48f776a6ba093008491ceca0369c75e1608931812cc35ca944d3bec5b6b7", [:mix], [{:bundlex, "~> 1.2", [hex: :bundlex, repo: "hexpm", optional: false]}, {:membrane_common_c, "~> 0.16.0", [hex: :membrane_common_c, repo: "hexpm", optional: false]}, {:membrane_core, "~> 1.0", [hex: :membrane_core, repo: "hexpm", optional: false]}, {:membrane_precompiled_dependency_provider, "~> 0.2.1", [hex: :membrane_precompiled_dependency_provider, repo: "hexpm", optional: false]}, {:membrane_raw_video_format, "~> 0.4.0", [hex: :membrane_raw_video_format, repo: "hexpm", optional: false]}], "hexpm", "2b31077d07defa99dd6350e59a47dd58d880d959ac10428c11c35627fc192893"},
  "membrane_tee_plugin": {:hex, :membrane_tee_plugin, "0.12.0", "f94989b4080ef4b7937d74c1a14d3379577c7bd4c6d06e5a2bb41c351ad604d4", [:mix], [{:bunch, "~> 1.0", [hex: :bunch, repo: "hexpm", optional: false]}, {:membrane_core, "~> 1.0", [hex: :membrane_core, repo: "hexpm", optional: false]}], "hexpm", "0d61c9ed5e68e5a75d54200e1c6df5739c0bcb52fee0974183ad72446a179887"},
  "membrane_timestamp_queue": {:hex, :membrane_timestamp_queue, "0.2.2", "1c831b2273d018a6548654aa9f7fa7c4b683f71d96ffe164934ef55f9d11f693", [:mix], [{:heap, "~> 2.0", [hex: :heap, repo: "hexpm", optional: false]}, {:membrane_core, "~> 1.0", [hex: :membrane_core, repo: "hexpm", optional: false]}], "hexpm", "7c830e760baaced0988421671cd2c83c7cda8d1bd2b61fd05332711675d1204f"},
  "membrane_transcoder_plugin": {:hex, :membrane_transcoder_plugin, "0.3.3", "69ced12f23b745e7b4a315fc0ce741c6b104fcd792328ccccb12c2371e2c33e0", [:mix], [{:membrane_aac_fdk_plugin, "~> 0.18.0", [hex: :membrane_aac_fdk_plugin, repo: "hexpm", optional: false]}, {:membrane_aac_format, "~> 0.8.0", [hex: :membrane_aac_format, repo: "hexpm", optional: false]}, {:membrane_aac_plugin, "~> 0.19.0", [hex: :membrane_aac_plugin, repo: "hexpm", optional: false]}, {:membrane_core, ">= 1.2.1 and < 2.0.0-0", [hex: :membrane_core, repo: "hexpm", optional: false]}, {:membrane_ffmpeg_swresample_plugin, "~> 0.20.0", [hex: :membrane_ffmpeg_swresample_plugin, repo: "hexpm", optional: false]}, {:membrane_ffmpeg_swscale_plugin, "~> 0.16.2", [hex: :membrane_ffmpeg_swscale_plugin, repo: "hexpm", optional: false]}, {:membrane_funnel_plugin, "~> 0.9.1", [hex: :membrane_funnel_plugin, repo: "hexpm", optional: false]}, {:membrane_h264_ffmpeg_plugin, "~> 0.32.0", [hex: :membrane_h264_ffmpeg_plugin, repo: "hexpm", optional: false]}, {:membrane_h264_format, "~> 0.6.1", [hex: :membrane_h264_format, repo: "hexpm", optional: false]}, {:membrane_h265_ffmpeg_plugin, "~> 0.4.2", [hex: :membrane_h265_ffmpeg_plugin, repo: "hexpm", optional: false]}, {:membrane_h265_format, "~> 0.2.0", [hex: :membrane_h265_format, repo: "hexpm", optional: false]}, {:membrane_h26x_plugin, "~> 0.10.0", [hex: :membrane_h26x_plugin, repo: "hexpm", optional: false]}, {:membrane_mp3_lame_plugin, "~> 0.18.3", [hex: :membrane_mp3_lame_plugin, repo: "hexpm", optional: false]}, {:membrane_mp3_mad_plugin, "~> 0.18.4", [hex: :membrane_mp3_mad_plugin, repo: "hexpm", optional: false]}, {:membrane_mpegaudio_format, "~> 0.3.0", [hex: :membrane_mpegaudio_format, repo: "hexpm", optional: false]}, {:membrane_opus_format, "~> 0.3.0", [hex: :membrane_opus_format, repo: "hexpm", optional: false]}, {:membrane_opus_plugin, "~> 0.20.3", [hex: :membrane_opus_plugin, repo: "hexpm", optional: false]}, {:membrane_timestamp_queue, "~> 0.2.2", [hex: :membrane_timestamp_queue, repo: "hexpm", optional: false]}, {:membrane_vp8_format, "~> 0.5.0", [hex: :membrane_vp8_format, repo: "hexpm", optional: false]}, {:membrane_vpx_plugin, "~> 0.4.0", [hex: :membrane_vpx_plugin, repo: "hexpm", optional: false]}], "hexpm", "a35e306d37a97af1e286fc35a3352ebff64d0442a3ac41a832b17554b0446503"},
  "membrane_vp8_format": {:hex, :membrane_vp8_format, "0.5.0", "a589c20bb9d97ddc9b717684d00cefc84e2500ce63a0c33c4b9618d9b2f9b2ea", [:mix], [], "hexpm", "d29e0dae4bebc6838e82e031c181fe626d168c687e4bc617c1d0772bdeed19d5"},
  "membrane_vp9_format": {:hex, :membrane_vp9_format, "0.5.0", "c6a4f2cbfc39dba5d80ad8287162c52b5cf6488676bd64435c1ac957bd16e66f", [:mix], [], "hexpm", "68752d8cbe7270ec222fc84a7d1553499f0d8ff86ef9d9e89f8955d49e20278e"},
  "membrane_vpx_plugin": {:hex, :membrane_vpx_plugin, "0.4.2", "781944d370845c0259eb2d5c2eb2209bece17dc49ac3e85c11ef1c4161c0afd1", [:mix], [{:membrane_core, "~> 1.0", [hex: :membrane_core, repo: "hexpm", optional: false]}, {:membrane_precompiled_dependency_provider, "~> 0.2.1", [hex: :membrane_precompiled_dependency_provider, repo: "hexpm", optional: false]}, {:membrane_raw_video_format, "~> 0.4.0", [hex: :membrane_raw_video_format, repo: "hexpm", optional: false]}, {:membrane_vp8_format, "~> 0.5.0", [hex: :membrane_vp8_format, repo: "hexpm", optional: false]}, {:membrane_vp9_format, "~> 0.5.0", [hex: :membrane_vp9_format, repo: "hexpm", optional: false]}, {:unifex, "~> 1.2", [hex: :unifex, repo: "hexpm", optional: false]}], "hexpm", "5621a389fe4fcd1c964b14d665025ec91127d1c9d848f38110000c25f8299c9d"},
  "metrics": {:hex, :metrics, "1.0.1", "25f094dea2cda98213cecc3aeff09e940299d950904393b2a29d191c346a8486", [:rebar3], [], "hexpm", "69b09adddc4f74a40716ae54d140f93beb0fb8978d8636eaded0c31b6f099f16"},
  "mime": {:hex, :mime, "2.0.7", "b8d739037be7cd402aee1ba0306edfdef982687ee7e9859bee6198c1e7e2f128", [:mix], [], "hexpm", "6171188e399ee16023ffc5b76ce445eb6d9672e2e241d2df6050f3c771e80ccd"},
  "mimerl": {:hex, :mimerl, "1.4.0", "3882a5ca67fbbe7117ba8947f27643557adec38fa2307490c4c4207624cb213b", [:rebar3], [], "hexpm", "13af15f9f68c65884ecca3a3891d50a7b57d82152792f3e19d88650aa126b144"},
  "mint": {:hex, :mint, "1.7.1", "113fdb2b2f3b59e47c7955971854641c61f378549d73e829e1768de90fc1abf1", [:mix], [{:castore, "~> 0.1.0 or ~> 1.0", [hex: :castore, repo: "hexpm", optional: true]}, {:hpax, "~> 0.1.1 or ~> 0.2.0 or ~> 1.0", [hex: :hpax, repo: "hexpm", optional: false]}], "hexpm", "fceba0a4d0f24301ddee3024ae116df1c3f4bb7a563a731f45fdfeb9d39a231b"},
  "mockery": {:hex, :mockery, "2.3.3", "3dba87bd0422a513e6af6e0d811383f38f82ac6be5d3d285a5fcca9c299bd0ac", [:mix], [], "hexpm", "17282be00613286254298117cd25e607a39f15ac03b41c631f60e52f5b5ec974"},
  "mpeg_ts": {:hex, :mpeg_ts, "3.3.6", "2593f25932305eb20d7329a2cc8a657edf410bf4a3ef026658a8c53df9e380bf", [:mix], [], "hexpm", "7168d2dca0b7dc0570d24d5065fd1d38e182532e4556333d087a84496e589ad5"},
  "muontrap": {:hex, :muontrap, "1.6.1", "4a81a159f64e4c7bf01162a7863559d634bc48929218690ada309a9a98a9ac22", [:make, :mix], [{:elixir_make, "~> 0.6", [hex: :elixir_make, repo: "hexpm", optional: false]}], "hexpm", "8ad31072402bebed3f554c9a463aa272c6dd964168c9cb81385f8711f068ed47"},
  "nimble_options": {:hex, :nimble_options, "1.1.1", "e3a492d54d85fc3fd7c5baf411d9d2852922f66e69476317787a7b2bb000a61b", [:mix], [], "hexpm", "821b2470ca9442c4b6984882fe9bb0389371b8ddec4d45a9504f00a66f650b44"},
  "nimble_parsec": {:hex, :nimble_parsec, "1.4.2", "8efba0122db06df95bfaa78f791344a89352ba04baedd3849593bfce4d0dc1c6", [:mix], [], "hexpm", "4b21398942dda052b403bbe1da991ccd03a053668d147d53fb8c4e0efe09c973"},
  "nimble_pool": {:hex, :nimble_pool, "1.1.0", "bf9c29fbdcba3564a8b800d1eeb5a3c58f36e1e11d7b7fb2e084a643f645f06b", [:mix], [], "hexpm", "af2e4e6b34197db81f7aad230c1118eac993acc0dae6bc83bac0126d4ae0813a"},
  "numbers": {:hex, :numbers, "5.2.4", "f123d5bb7f6acc366f8f445e10a32bd403c8469bdbce8ce049e1f0972b607080", [:mix], [{:coerce, "~> 1.0", [hex: :coerce, repo: "hexpm", optional: false]}, {:decimal, "~> 1.9 or ~> 2.0", [hex: :decimal, repo: "hexpm", optional: true]}], "hexpm", "eeccf5c61d5f4922198395bf87a465b6f980b8b862dd22d28198c5e6fab38582"},
  "parse_trans": {:hex, :parse_trans, "3.4.1", "6e6aa8167cb44cc8f39441d05193be6e6f4e7c2946cb2759f015f8c56b76e5ff", [:rebar3], [], "hexpm", "620a406ce75dada827b82e453c19cf06776be266f5a67cff34e1ef2cbb60e49a"},
  "qex": {:hex, :qex, "0.5.2", "a0c861a2de2380314c23ef592349824ca9016c5845380667ff1d9a22a8796f9b", [:mix], [], "hexpm", "6fb81bf3ae354a9abb471b9561538ea3e8540125d803b00f45cbccff52f00496"},
  "ratio": {:hex, :ratio, "4.0.1", "3044166f2fc6890aa53d3aef0c336f84b2bebb889dc57d5f95cc540daa1912f8", [:mix], [{:decimal, "~> 1.6 or ~> 2.0", [hex: :decimal, repo: "hexpm", optional: true]}, {:numbers, "~> 5.2.0", [hex: :numbers, repo: "hexpm", optional: false]}], "hexpm", "c60cbb3ccdff9ffa56e7d6d1654b5c70d9f90f4d753ab3a43a6bf40855b881ce"},
  "req": {:hex, :req, "0.5.16", "99ba6a36b014458e52a8b9a0543bfa752cb0344b2a9d756651db1281d4ba4450", [:mix], [{:brotli, "~> 0.3.1", [hex: :brotli, repo: "hexpm", optional: true]}, {:ezstd, "~> 1.0", [hex: :ezstd, repo: "hexpm", optional: true]}, {:finch, "~> 0.17", [hex: :finch, repo: "hexpm", optional: false]}, {:jason, "~> 1.0", [hex: :jason, repo: "hexpm", optional: false]}, {:mime, "~> 2.0.6 or ~> 2.1", [hex: :mime, repo: "hexpm", optional: false]}, {:nimble_csv, "~> 1.0", [hex: :nimble_csv, repo: "hexpm", optional: true]}, {:plug, "~> 1.0", [hex: :plug, repo: "hexpm", optional: true]}], "hexpm", "974a7a27982b9b791df84e8f6687d21483795882a7840e8309abdbe08bb06f09"},
  "shmex": {:hex, :shmex, "0.5.1", "81dd209093416bf6608e66882cb7e676089307448a1afd4fc906c1f7e5b94cf4", [:mix], [{:bunch_native, "~> 0.5.0", [hex: :bunch_native, repo: "hexpm", optional: false]}, {:bundlex, "~> 1.0", [hex: :bundlex, repo: "hexpm", optional: false]}], "hexpm", "c29f8286891252f64c4e1dac40b217d960f7d58def597c4e606ff8fbe71ceb80"},
  "ssl_verify_fun": {:hex, :ssl_verify_fun, "1.1.7", "354c321cf377240c7b8716899e182ce4890c5938111a1296add3ec74cf1715df", [:make, :mix, :rebar3], [], "hexpm", "fe4c190e8f37401d30167c8c405eda19469f34577987c76dde613e838bbc67f8"},
  "stream_split": {:hex, :stream_split, "0.1.7", "2d3fd1fd21697da7f91926768d65f79409086052c9ec7ae593987388f52425f8", [:mix], [], "hexpm", "1dc072ff507a64404a0ad7af90df97096183fee8eeac7b300320cea7c4679147"},
  "telemetry": {:hex, :telemetry, "1.4.1", "ab6de178e2b29b58e8256b92b382ea3f590a47152ca3651ea857a6cae05ac423", [:rebar3], [], "hexpm", "2172e05a27531d3d31dd9782841065c50dd5c3c7699d95266b2edd54c2dafa1c"},
  "typed_struct": {:hex, :typed_struct, "0.3.0", "939789e3c1dca39d7170c87f729127469d1315dcf99fee8e152bb774b17e7ff7", [:mix], [], "hexpm", "c50bd5c3a61fe4e198a8504f939be3d3c85903b382bde4865579bc23111d1b6d"},
  "unicode_util_compat": {:hex, :unicode_util_compat, "0.7.1", "a48703a25c170eedadca83b11e88985af08d35f37c6f664d6dcfb106a97782fc", [:rebar3], [], "hexpm", "b3a917854ce3ae233619744ad1e0102e05673136776fb2fa76234f3e03b23642"},
  "unifex": {:hex, :unifex, "1.2.1", "6841c170a6e16509fac30b19e4e0a19937c33155a59088b50c15fc2c36251b6b", [:mix], [{:bunch, "~> 1.0", [hex: :bunch, repo: "hexpm", optional: false]}, {:bundlex, "~> 1.4", [hex: :bundlex, repo: "hexpm", optional: false]}, {:shmex, "~> 0.5.0", [hex: :shmex, repo: "hexpm", optional: false]}], "hexpm", "8c9d2e3c48df031e9995dd16865bab3df402c0295ba3a31f38274bb5314c7d37"},
  "zarex": {:hex, :zarex, "1.0.6", "f657ed1187e6e90472e24c92b1fd5bf3f846e74bd240bd77276c13f336a8d168", [:mix], [], "hexpm", "b628a9b0bc312f278af2c288078c31fd4757224b82d768e91bcf3bedbe3a50e7"},
}
